
Microsoft Visual Studio Solution File, Format Version 12.00
# Visual Studio Version 17
VisualStudioVersion = 17.7.34202.233
MinimumVisualStudioVersion = 10.0.40219.1
Project("{FAE04EC0-301F-11D3-BF4B-00C04F79EFBC}") = "ASP.NET CORE", "ASP.NET CORE\ASP.NET CORE.csproj", "{B205405B-57D1-4644-8CCA-3C9827EAAFAA}"
EndProject
Global
	GlobalSection(SolutionConfigurationPlatforms) = preSolution
		Debug|Any CPU = Debug|Any CPU
		Release|Any CPU = Release|Any CPU
	EndGlobalSection
	GlobalSection(ProjectConfigurationPlatforms) = postSolution
		{B205405B-57D1-4644-8CCA-3C9827EAAFAA}.Debug|Any CPU.ActiveCfg = Debug|Any CPU
		{B205405B-57D1-4644-8CCA-3C9827EAAFAA}.Debug|Any CPU.Build.0 = Debug|Any CPU
		{B205405B-57D1-4644-8CCA-3C9827EAAFAA}.Release|Any CPU.ActiveCfg = Release|Any CPU
		{B205405B-57D1-4644-8CCA-3C9827EAAFAA}.Release|Any CPU.Build.0 = Release|Any CPU
	EndGlobalSection
	GlobalSection(SolutionProperties) = preSolution
		HideSolutionNode = FALSE
	EndGlobalSection
	GlobalSection(ExtensibilityGlobals) = postSolution
		SolutionGuid = {FDBF2637-27B2-4D84-B0E0-C10E48B7F8B2}
	EndGlobalSection
EndGlobal
